
Microsoft Visual Studio Solution File, Format Version 12.00
# Visual Studio Version 16
VisualStudioVersion = 16.0.31410.357
MinimumVisualStudioVersion = 10.0.40219.1
Project("{9A19103F-16F7-4668-BE54-9A1E7A4F7556}") = "BethanysPieShopHRM.Shared", "BethanysPieShopHRM.Shared\BethanysPieShopHRM.Shared.csproj", "{BB603456-D3BB-4317-ABD7-9D64CCE3C03A}"
EndProject
Project("{9A19103F-16F7-4668-BE54-9A1E7A4F7556}") = "BethanysPieShopHRM.ComponentsLibrary", "BethanysPieShopHRM.ComponentsLibrary\BethanysPieShopHRM.ComponentsLibrary.csproj", "{58FDF25C-0B36-44EA-8820-53734E8E720A}"
EndProject
Project("{9A19103F-16F7-4668-BE54-9A1E7A4F7556}") = "BethanysPieShopHRM.ServerApp", "BethanysPieShopHRM.ServerApp\BethanysPieShopHRM.ServerApp.csproj", "{D2F6EA5B-EBDB-47D2-9856-03FEE4C20888}"
EndProject
Global
	GlobalSection(SolutionConfigurationPlatforms) = preSolution
		Debug|Any CPU = Debug|Any CPU
		Release|Any CPU = Release|Any CPU
	EndGlobalSection
	GlobalSection(ProjectConfigurationPlatforms) = postSolution
		{BB603456-D3BB-4317-ABD7-9D64CCE3C03A}.Debug|Any CPU.ActiveCfg = Debug|Any CPU
		{BB603456-D3BB-4317-ABD7-9D64CCE3C03A}.Debug|Any CPU.Build.0 = Debug|Any CPU
		{BB603456-D3BB-4317-ABD7-9D64CCE3C03A}.Release|Any CPU.ActiveCfg = Release|Any CPU
		{BB603456-D3BB-4317-ABD7-9D64CCE3C03A}.Release|Any CPU.Build.0 = Release|Any CPU
		{58FDF25C-0B36-44EA-8820-53734E8E720A}.Debug|Any CPU.ActiveCfg = Debug|Any CPU
		{58FDF25C-0B36-44EA-8820-53734E8E720A}.Debug|Any CPU.Build.0 = Debug|Any CPU
		{58FDF25C-0B36-44EA-8820-53734E8E720A}.Release|Any CPU.ActiveCfg = Release|Any CPU
		{58FDF25C-0B36-44EA-8820-53734E8E720A}.Release|Any CPU.Build.0 = Release|Any CPU
		{D2F6EA5B-EBDB-47D2-9856-03FEE4C20888}.Debug|Any CPU.ActiveCfg = Debug|Any CPU
		{D2F6EA5B-EBDB-47D2-9856-03FEE4C20888}.Debug|Any CPU.Build.0 = Debug|Any CPU
		{D2F6EA5B-EBDB-47D2-9856-03FEE4C20888}.Release|Any CPU.ActiveCfg = Release|Any CPU
		{D2F6EA5B-EBDB-47D2-9856-03FEE4C20888}.Release|Any CPU.Build.0 = Release|Any CPU
	EndGlobalSection
	GlobalSection(SolutionProperties) = preSolution
		HideSolutionNode = FALSE
	EndGlobalSection
	GlobalSection(ExtensibilityGlobals) = postSolution
		SolutionGuid = {7CF3AD7B-06F7-4A21-9BD7-D6D8A59C1CA9}
	EndGlobalSection
EndGlobal
